attrs==26.1.0
certifi==2026.6.17
cffconvert==2.0.0
charset-normalizer==3.4.7
click==8.4.2
docopt==0.6.2
html5lib==1.1
html5rdf==1.2.1
idna==3.18
jsonschema==3.2.0
owlrl==7.1.4
packaging==26.2
prettytable==3.17.0
pykwalify==1.8.0
pyparsing==3.3.2
pyrdfa3==3.6.5
pyrsistent==0.20.0
pyshacl==0.31.0
python-dateutil==2.9.0.post0
rdflib==7.6.0
requests==2.34.2
ruamel.yaml==0.19.1
setuptools==83.0.0
six==1.17.0
urllib3==2.7.0
wcwidth==0.8.1
webencodings==0.5.1
